Microsoft Visual Studio Solution File, Format Version 12.00
# Visual Studio Version 17
VisualStudioVersion = 17.4.32804.182
MinimumVisualStudioVersion = 16.0.0.0
Project("{FAE04EC0-301F-11D3-BF4B-00C04F79EFBC}") = "BlazorMin", "BlazorMin.csproj", "{A34DA4F5-B21D-4757-BD8B-A03D34D209E2}"
EndProject
Global
	GlobalSection(SolutionConfigurationPlatforms) = preSolution
		Debug|Any CPU = Debug|Any CPU
		Release|Any CPU = Release|Any CPU
	EndGlobalSection
	GlobalSection(ProjectConfigurationPlatforms) = postSolution
		{A34DA4F5-B21D-4757-BD8B-A03D34D209E2}.Debug|Any CPU.ActiveCfg = Debug|Any CPU
		{A34DA4F5-B21D-4757-BD8B-A03D34D209E2}.Debug|Any CPU.Build.0 = Debug|Any CPU
		{A34DA4F5-B21D-4757-BD8B-A03D34D209E2}.Release|Any CPU.ActiveCfg = Release|Any CPU
		{A34DA4F5-B21D-4757-BD8B-A03D34D209E2}.Release|Any CPU.Build.0 = Release|Any CPU
	EndGlobalSection
	GlobalSection(SolutionProperties) = preSolution
		HideSolutionNode = FALSE
	EndGlobalSection
	GlobalSection(ExtensibilityGlobals) = postSolution
		SolutionGuid = {A8CCCF7D-37EC-490E-9DD6-3D4F180C33EE}
	EndGlobalSection
EndGlobal
